
Microsoft Visual Studio Solution File, Format Version 12.00
# Visual Studio 15
VisualStudioVersion = 15.0.27428.2037
MinimumVisualStudioVersion = 10.0.40219.1
Project("{8BC9CEB8-8B4A-11D0-8D11-00A0C91BC942}") = "20180720_01", "20180720_01.vcxproj", "{966E2AD0-6507-4E77-878E-6917D37121F4}"
EndProject
Global
	GlobalSection(SolutionConfigurationPlatforms) = preSolution
		Debug|x64 = Debug|x64
		Debug|x86 = Debug|x86
		Release|x64 = Release|x64
		Release|x86 = Release|x86
	EndGlobalSection
	GlobalSection(ProjectConfigurationPlatforms) = postSolution
		{966E2AD0-6507-4E77-878E-6917D37121F4}.Debug|x64.ActiveCfg = Debug|x64
		{966E2AD0-6507-4E77-878E-6917D37121F4}.Debug|x64.Build.0 = Debug|x64
		{966E2AD0-6507-4E77-878E-6917D37121F4}.Debug|x86.ActiveCfg = Debug|Win32
		{966E2AD0-6507-4E77-878E-6917D37121F4}.Debug|x86.Build.0 = Debug|Win32
		{966E2AD0-6507-4E77-878E-6917D37121F4}.Release|x64.ActiveCfg = Release|x64
		{966E2AD0-6507-4E77-878E-6917D37121F4}.Release|x64.Build.0 = Release|x64
		{966E2AD0-6507-4E77-878E-6917D37121F4}.Release|x86.ActiveCfg = Release|Win32
		{966E2AD0-6507-4E77-878E-6917D37121F4}.Release|x86.Build.0 = Release|Win32
	EndGlobalSection
	GlobalSection(SolutionProperties) = preSolution
		HideSolutionNode = FALSE
	EndGlobalSection
	GlobalSection(ExtensibilityGlobals) = postSolution
		SolutionGuid = {F2DB932A-8CA8-47FD-8B31-DA062F55FAC0}
	EndGlobalSection
EndGlobal
