<?xml version="1.0" encoding="utf-8"?>
<Project ToolsVersion="4.0" xmlns="http://schemas.microsoft.com/developer/msbuild/2003">
  <ItemGroup>
    <Filter Include="ソース ファイル">
      <UniqueIdentifier>{4FC737F1-C7A5-4376-A066-2A32D752A2FF}</UniqueIdentifier>
      <Extensions>cpp;c;cc;cxx;def;odl;idl;hpj;bat;asm;asmx</Extensions>
    </Filter>
    <Filter Include="リソース ファイル">
      <UniqueIdentifier>{67DA6AB6-F800-4c08-8B7A-83BB121AAD01}</UniqueIdentifier>
      <Extensions>rc;ico;cur;bmp;dlg;rc2;rct;bin;rgs;gif;jpg;jpeg;jpe;resx;tiff;tif;png;wav;mfcribbon-ms</Extensions>
    </Filter>
    <Filter Include="ソース ファイル\ヘッダー ファイル">
      <UniqueIdentifier>{93995380-89BD-4b04-88EB-625FBE52EBFB}</UniqueIdentifier>
      <Extensions>h;hh;hpp;hxx;hm;inl;inc;ipp;xsd</Extensions>
    </Filter>
  </ItemGroup>
  <ItemGroup>
    <ClCompile Include="main.cpp">
      <Filter>ソース ファイル</Filter>
    </ClCompile>
    <ClCompile Include="bg.cpp">
      <Filter>ソース ファイル</Filter>
    </ClCompile>
    <ClCompile Include="bullet.cpp">
      <Filter>ソース ファイル</Filter>
    </ClCompile>
    <ClCompile Include="enemy.cpp">
      <Filter>ソース ファイル</Filter>
    </ClCompile>
    <ClCompile Include="input.cpp">
      <Filter>ソース ファイル</Filter>
    </ClCompile>
    <ClCompile Include="player.cpp">
      <Filter>ソース ファイル</Filter>
    </ClCompile>
    <ClCompile Include="score.cpp">
      <Filter>ソース ファイル</Filter>
    </ClCompile>
    <ClCompile Include="sound.cpp">
      <Filter>ソース ファイル</Filter>
    </ClCompile>
    <ClCompile Include="title.cpp">
      <Filter>ソース ファイル</Filter>
    </ClCompile>
    <ClCompile Include="enemybullet.cpp">
      <Filter>ソース ファイル</Filter>
    </ClCompile>
    <ClCompile Include="guage.cpp">
      <Filter>ソース ファイル</Filter>
    </ClCompile>
    <ClCompile Include="enemyguage.cpp">
      <Filter>ソース ファイル</Filter>
    </ClCompile>
    <ClCompile Include="tyutogeme.cpp">
      <Filter>ソース ファイル</Filter>
    </ClCompile>
    <ClCompile Include="tyutoenemy.cpp">
      <Filter>ソース ファイル</Filter>
    </ClCompile>
    <ClCompile Include="gamestart.cpp">
      <Filter>ソース ファイル</Filter>
    </ClCompile>
    <ClCompile Include="nakami.cpp">
      <Filter>ソース ファイル</Filter>
    </ClCompile>
    <ClCompile Include="curea.cpp">
      <Filter>ソース ファイル</Filter>
    </ClCompile>
    <ClCompile Include="gameover.cpp">
      <Filter>ソース ファイル</Filter>
    </ClCompile>
    <ClCompile Include="bom.cpp">
      <Filter>ソース ファイル</Filter>
    </ClCompile>
    <ClCompile Include="bomguage.cpp">
      <Filter>ソース ファイル</Filter>
    </ClCompile>
    <ClCompile Include="boss.cpp">
      <Filter>ソース ファイル</Filter>
    </ClCompile>
    <ClCompile Include="effect.cpp">
      <Filter>ソース ファイル</Filter>
    </ClCompile>
    <ClCompile Include="effect2.cpp">
      <Filter>ソース ファイル</Filter>
    </ClCompile>
    <ClCompile Include="bossguage.cpp">
      <Filter>ソース ファイル</Filter>
    </ClCompile>
    <ClCompile Include="bossbullet.cpp">
      <Filter>ソース ファイル</Filter>
    </ClCompile>
    <ClCompile Include="enemy2.cpp">
      <Filter>ソース ファイル</Filter>
    </ClCompile>
    <ClCompile Include="enemyguage2.cpp">
      <Filter>ソース ファイル</Filter>
    </ClCompile>
    <ClCompile Include="enemybullet2.cpp">
      <Filter>ソース ファイル</Filter>
    </ClCompile>
  </ItemGroup>
  <ItemGroup>
    <ClInclude Include="main.h">
      <Filter>ソース ファイル\ヘッダー ファイル</Filter>
    </ClInclude>
    <ClInclude Include="bg.h">
      <Filter>ソース ファイル\ヘッダー ファイル</Filter>
    </ClInclude>
    <ClInclude Include="bullet.h">
      <Filter>ソース ファイル\ヘッダー ファイル</Filter>
    </ClInclude>
    <ClInclude Include="enemy.h">
      <Filter>ソース ファイル\ヘッダー ファイル</Filter>
    </ClInclude>
    <ClInclude Include="input.h">
      <Filter>ソース ファイル\ヘッダー ファイル</Filter>
    </ClInclude>
    <ClInclude Include="player.h">
      <Filter>ソース ファイル\ヘッダー ファイル</Filter>
    </ClInclude>
    <ClInclude Include="score.h">
      <Filter>ソース ファイル\ヘッダー ファイル</Filter>
    </ClInclude>
    <ClInclude Include="sound.h">
      <Filter>ソース ファイル\ヘッダー ファイル</Filter>
    </ClInclude>
    <ClInclude Include="title.h">
      <Filter>ソース ファイル\ヘッダー ファイル</Filter>
    </ClInclude>
    <ClInclude Include="enemybullet.h">
      <Filter>ソース ファイル\ヘッダー ファイル</Filter>
    </ClInclude>
    <ClInclude Include="guage.h">
      <Filter>ソース ファイル\ヘッダー ファイル</Filter>
    </ClInclude>
    <ClInclude Include="enemyguage.h">
      <Filter>ソース ファイル\ヘッダー ファイル</Filter>
    </ClInclude>
    <ClInclude Include="tyutogeme.h">
      <Filter>ソース ファイル\ヘッダー ファイル</Filter>
    </ClInclude>
    <ClInclude Include="tyutoenemy.h">
      <Filter>ソース ファイル\ヘッダー ファイル</Filter>
    </ClInclude>
    <ClInclude Include="gamestart.h">
      <Filter>ソース ファイル\ヘッダー ファイル</Filter>
    </ClInclude>
    <ClInclude Include="nakami.h">
      <Filter>ソース ファイル\ヘッダー ファイル</Filter>
    </ClInclude>
    <ClInclude Include="curea.h">
      <Filter>ソース ファイル\ヘッダー ファイル</Filter>
    </ClInclude>
    <ClInclude Include="gameover.h">
      <Filter>ソース ファイル\ヘッダー ファイル</Filter>
    </ClInclude>
    <ClInclude Include="bom.h">
      <Filter>ソース ファイル\ヘッダー ファイル</Filter>
    </ClInclude>
    <ClInclude Include="bomguage.h">
      <Filter>ソース ファイル\ヘッダー ファイル</Filter>
    </ClInclude>
    <ClInclude Include="boss.h">
      <Filter>ソース ファイル\ヘッダー ファイル</Filter>
    </ClInclude>
    <ClInclude Include="effect.h">
      <Filter>ソース ファイル\ヘッダー ファイル</Filter>
    </ClInclude>
    <ClInclude Include="effect2.h">
      <Filter>ソース ファイル\ヘッダー ファイル</Filter>
    </ClInclude>
    <ClInclude Include="bossguage.h">
      <Filter>ソース ファイル\ヘッダー ファイル</Filter>
    </ClInclude>
    <ClInclude Include="bossbullet.h">
      <Filter>ソース ファイル\ヘッダー ファイル</Filter>
    </ClInclude>
    <ClInclude Include="enemy2.h">
      <Filter>ソース ファイル\ヘッダー ファイル</Filter>
    </ClInclude>
    <ClInclude Include="enemyguage2.h">
      <Filter>ソース ファイル\ヘッダー ファイル</Filter>
    </ClInclude>
    <ClInclude Include="enemybullet2.h">
      <Filter>ソース ファイル\ヘッダー ファイル</Filter>
    </ClInclude>
  </ItemGroup>
</Project>